
Microsoft Visual Studio Solution File, Format Version 12.00
# Visual Studio Version 16
VisualStudioVersion = 16.0.35130.168
MinimumVisualStudioVersion = 10.0.40219.1
Project("{FAE04EC0-301F-11D3-BF4B-00C04F79EFBC}") = "MultJogos", "MultJogos\MultJogos.csproj", "{75972342-E222-46AD-B49D-0AEEB8A8E539}"
EndProject
Global
	GlobalSection(SolutionConfigurationPlatforms) = preSolution
		Debug|Any CPU = Debug|Any CPU
		Release|Any CPU = Release|Any CPU
	EndGlobalSection
	GlobalSection(ProjectConfigurationPlatforms) = postSolution
		{75972342-E222-46AD-B49D-0AEEB8A8E539}.Debug|Any CPU.ActiveCfg = Debug|Any CPU
		{75972342-E222-46AD-B49D-0AEEB8A8E539}.Debug|Any CPU.Build.0 = Debug|Any CPU
		{75972342-E222-46AD-B49D-0AEEB8A8E539}.Release|Any CPU.ActiveCfg = Release|Any CPU
		{75972342-E222-46AD-B49D-0AEEB8A8E539}.Release|Any CPU.Build.0 = Release|Any CPU
	EndGlobalSection
	GlobalSection(SolutionProperties) = preSolution
		HideSolutionNode = FALSE
	EndGlobalSection
	GlobalSection(ExtensibilityGlobals) = postSolution
		SolutionGuid = {FB9797A0-FD02-454F-B886-18A886425FAC}
	EndGlobalSection
EndGlobal
